
Microsoft Visual Studio Solution File, Format Version 12.00
Project("{FAE04EC0-301F-11D3-BF4B-00C04F79EFBC}") = "Jellyfin.Plugin.Opds", "Jellyfin.Plugin.Opds\Jellyfin.Plugin.Opds.csproj", "{65BAE705-B80E-4177-AF3B-743DFFC18F87}"
EndProject
Global
	GlobalSection(SolutionConfigurationPlatforms) = preSolution
		Debug|Any CPU = Debug|Any CPU
		Release|Any CPU = Release|Any CPU
	EndGlobalSection
	GlobalSection(ProjectConfigurationPlatforms) = postSolution
		{65BAE705-B80E-4177-AF3B-743DFFC18F87}.Debug|Any CPU.ActiveCfg = Debug|Any CPU
		{65BAE705-B80E-4177-AF3B-743DFFC18F87}.Debug|Any CPU.Build.0 = Debug|Any CPU
		{65BAE705-B80E-4177-AF3B-743DFFC18F87}.Release|Any CPU.ActiveCfg = Release|Any CPU
		{65BAE705-B80E-4177-AF3B-743DFFC18F87}.Release|Any CPU.Build.0 = Release|Any CPU
	EndGlobalSection
EndGlobal
